
Microsoft Visual Studio Solution File, Format Version 12.00
# Visual Studio 15
VisualStudioVersion = 15.0.26730.12
MinimumVisualStudioVersion = 10.0.40219.1
Project("{FAE04EC0-301F-11D3-BF4B-00C04F79EFBC}") = "Qx.BL", "Qx.BL\Qx.BL.csproj", "{74831559-7C1B-4955-AFAC-C77D1C19CBC5}"
EndProject
Project("{FAE04EC0-301F-11D3-BF4B-00C04F79EFBC}") = "Qx.Common", "Qx.Common\Qx.Common.csproj", "{E7678C3E-EE91-4217-9C50-1256F2B3A105}"
EndProject
Project("{FAE04EC0-301F-11D3-BF4B-00C04F79EFBC}") = "Qx.Client", "Qx.Client\Qx.Client.csproj", "{A763A1B1-DEF8-4C47-BCEC-573148FF2A70}"
EndProject
Project("{FAE04EC0-301F-11D3-BF4B-00C04F79EFBC}") = "Qx.Admin", "Qx.Admin\Qx.Admin.csproj", "{1A6F12A5-6CDF-4E72-BE48-A2E36FF9057A}"
EndProject
Project("{FAE04EC0-301F-11D3-BF4B-00C04F79EFBC}") = "Qx.Learning", "Qx.Learning\Qx.Learning.csproj", "{EBC1EED4-7468-4C1E-9543-50B9F3D6265F}"
EndProject
Project("{FAE04EC0-301F-11D3-BF4B-00C04F79EFBC}") = "Qx.SlowStart", "Qx.SlowStart\Qx.SlowStart.csproj", "{5B06E3A9-24C8-4324-B1E8-5D27277D16C1}"
EndProject
Project("{FAE04EC0-301F-11D3-BF4B-00C04F79EFBC}") = "Qx.Controller", "Qx.Controller\Qx.Controller.csproj", "{D13FFCF4-0689-4F84-99FF-559529E8DFD2}"
EndProject
Project("{FAE04EC0-301F-11D3-BF4B-00C04F79EFBC}") = "Qx.ReportsStation", "Qx.ReportsStation\Qx.ReportsStation.csproj", "{774BAE73-F884-4297-8635-4B5A16F472DC}"
EndProject
Project("{FAE04EC0-301F-11D3-BF4B-00C04F79EFBC}") = "Qx.VitalCheck", "Qx.VitalCheck\Qx.VitalCheck.csproj", "{6E22BC05-64B5-48DC-A19A-04C3D14717FC}"
EndProject
Project("{FAE04EC0-301F-11D3-BF4B-00C04F79EFBC}") = "Qx.Standalone", "Qx.Standalone\Qx.Standalone.csproj", "{914746AF-459F-48C8-883B-E698F88B6D48}"
EndProject
Project("{FAE04EC0-301F-11D3-BF4B-00C04F79EFBC}") = "Qx.Entities", "Qx.Entities\Qx.Entities.csproj", "{FB778BA3-A094-4194-B60A-5D4AD1102916}"
EndProject
Project("{FAE04EC0-301F-11D3-BF4B-00C04F79EFBC}") = "Qx.EntitySerialization", "Qx.EntitySerializer\Qx.EntitySerialization.csproj", "{5DAC458B-DD0C-4509-B741-73A797F7EB9E}"
EndProject
Global
	GlobalSection(SolutionConfigurationPlatforms) = preSolution
		Debug|Any CPU = Debug|Any CPU
		Debug|Mixed Platforms = Debug|Mixed Platforms
		Debug|x86 = Debug|x86
		Release|Any CPU = Release|Any CPU
		Release|Mixed Platforms = Release|Mixed Platforms
		Release|x86 = Release|x86
	EndGlobalSection
	GlobalSection(ProjectConfigurationPlatforms) = postSolution
		{74831559-7C1B-4955-AFAC-C77D1C19CBC5}.Debug|Any CPU.ActiveCfg = Debug|x86
		{74831559-7C1B-4955-AFAC-C77D1C19CBC5}.Debug|Mixed Platforms.ActiveCfg = Debug|x86
		{74831559-7C1B-4955-AFAC-C77D1C19CBC5}.Debug|Mixed Platforms.Build.0 = Debug|x86
		{74831559-7C1B-4955-AFAC-C77D1C19CBC5}.Debug|x86.ActiveCfg = Debug|x86
		{74831559-7C1B-4955-AFAC-C77D1C19CBC5}.Debug|x86.Build.0 = Debug|x86
		{74831559-7C1B-4955-AFAC-C77D1C19CBC5}.Release|Any CPU.ActiveCfg = Release|x86
		{74831559-7C1B-4955-AFAC-C77D1C19CBC5}.Release|Mixed Platforms.ActiveCfg = Release|x86
		{74831559-7C1B-4955-AFAC-C77D1C19CBC5}.Release|Mixed Platforms.Build.0 = Release|x86
		{74831559-7C1B-4955-AFAC-C77D1C19CBC5}.Release|x86.ActiveCfg = Release|x86
		{74831559-7C1B-4955-AFAC-C77D1C19CBC5}.Release|x86.Build.0 = Release|x86
		{E7678C3E-EE91-4217-9C50-1256F2B3A105}.Debug|Any CPU.ActiveCfg = Debug|Any CPU
		{E7678C3E-EE91-4217-9C50-1256F2B3A105}.Debug|Any CPU.Build.0 = Debug|Any CPU
		{E7678C3E-EE91-4217-9C50-1256F2B3A105}.Debug|Mixed Platforms.ActiveCfg = Debug|Any CPU
		{E7678C3E-EE91-4217-9C50-1256F2B3A105}.Debug|Mixed Platforms.Build.0 = Debug|Any CPU
		{E7678C3E-EE91-4217-9C50-1256F2B3A105}.Debug|x86.ActiveCfg = Debug|Any CPU
		{E7678C3E-EE91-4217-9C50-1256F2B3A105}.Release|Any CPU.ActiveCfg = Release|Any CPU
		{E7678C3E-EE91-4217-9C50-1256F2B3A105}.Release|Any CPU.Build.0 = Release|Any CPU
		{E7678C3E-EE91-4217-9C50-1256F2B3A105}.Release|Mixed Platforms.ActiveCfg = Release|Any CPU
		{E7678C3E-EE91-4217-9C50-1256F2B3A105}.Release|Mixed Platforms.Build.0 = Release|Any CPU
		{E7678C3E-EE91-4217-9C50-1256F2B3A105}.Release|x86.ActiveCfg = Release|Any CPU
		{A763A1B1-DEF8-4C47-BCEC-573148FF2A70}.Debug|Any CPU.ActiveCfg = Debug|x86
		{A763A1B1-DEF8-4C47-BCEC-573148FF2A70}.Debug|Mixed Platforms.ActiveCfg = Debug|x86
		{A763A1B1-DEF8-4C47-BCEC-573148FF2A70}.Debug|Mixed Platforms.Build.0 = Debug|x86
		{A763A1B1-DEF8-4C47-BCEC-573148FF2A70}.Debug|x86.ActiveCfg = Debug|x86
		{A763A1B1-DEF8-4C47-BCEC-573148FF2A70}.Debug|x86.Build.0 = Debug|x86
		{A763A1B1-DEF8-4C47-BCEC-573148FF2A70}.Release|Any CPU.ActiveCfg = Release|x86
		{A763A1B1-DEF8-4C47-BCEC-573148FF2A70}.Release|Mixed Platforms.ActiveCfg = Release|x86
		{A763A1B1-DEF8-4C47-BCEC-573148FF2A70}.Release|Mixed Platforms.Build.0 = Release|x86
		{A763A1B1-DEF8-4C47-BCEC-573148FF2A70}.Release|x86.ActiveCfg = Release|x86
		{A763A1B1-DEF8-4C47-BCEC-573148FF2A70}.Release|x86.Build.0 = Release|x86
		{1A6F12A5-6CDF-4E72-BE48-A2E36FF9057A}.Debug|Any CPU.ActiveCfg = Debug|x86
		{1A6F12A5-6CDF-4E72-BE48-A2E36FF9057A}.Debug|Mixed Platforms.ActiveCfg = Debug|x86
		{1A6F12A5-6CDF-4E72-BE48-A2E36FF9057A}.Debug|Mixed Platforms.Build.0 = Debug|x86
		{1A6F12A5-6CDF-4E72-BE48-A2E36FF9057A}.Debug|x86.ActiveCfg = Debug|x86
		{1A6F12A5-6CDF-4E72-BE48-A2E36FF9057A}.Debug|x86.Build.0 = Debug|x86
		{1A6F12A5-6CDF-4E72-BE48-A2E36FF9057A}.Release|Any CPU.ActiveCfg = Release|x86
		{1A6F12A5-6CDF-4E72-BE48-A2E36FF9057A}.Release|Mixed Platforms.ActiveCfg = Release|x86
		{1A6F12A5-6CDF-4E72-BE48-A2E36FF9057A}.Release|Mixed Platforms.Build.0 = Release|x86
		{1A6F12A5-6CDF-4E72-BE48-A2E36FF9057A}.Release|x86.ActiveCfg = Release|x86
		{1A6F12A5-6CDF-4E72-BE48-A2E36FF9057A}.Release|x86.Build.0 = Release|x86
		{EBC1EED4-7468-4C1E-9543-50B9F3D6265F}.Debug|Any CPU.ActiveCfg = Debug|x86
		{EBC1EED4-7468-4C1E-9543-50B9F3D6265F}.Debug|Mixed Platforms.ActiveCfg = Debug|x86
		{EBC1EED4-7468-4C1E-9543-50B9F3D6265F}.Debug|Mixed Platforms.Build.0 = Debug|x86
		{EBC1EED4-7468-4C1E-9543-50B9F3D6265F}.Debug|x86.ActiveCfg = Debug|x86
		{EBC1EED4-7468-4C1E-9543-50B9F3D6265F}.Debug|x86.Build.0 = Debug|x86
		{EBC1EED4-7468-4C1E-9543-50B9F3D6265F}.Release|Any CPU.ActiveCfg = Release|x86
		{EBC1EED4-7468-4C1E-9543-50B9F3D6265F}.Release|Mixed Platforms.ActiveCfg = Release|x86
		{EBC1EED4-7468-4C1E-9543-50B9F3D6265F}.Release|Mixed Platforms.Build.0 = Release|x86
		{EBC1EED4-7468-4C1E-9543-50B9F3D6265F}.Release|x86.ActiveCfg = Release|x86
		{EBC1EED4-7468-4C1E-9543-50B9F3D6265F}.Release|x86.Build.0 = Release|x86
		{5B06E3A9-24C8-4324-B1E8-5D27277D16C1}.Debug|Any CPU.ActiveCfg = Debug|x86
		{5B06E3A9-24C8-4324-B1E8-5D27277D16C1}.Debug|Mixed Platforms.ActiveCfg = Debug|x86
		{5B06E3A9-24C8-4324-B1E8-5D27277D16C1}.Debug|Mixed Platforms.Build.0 = Debug|x86
		{5B06E3A9-24C8-4324-B1E8-5D27277D16C1}.Debug|x86.ActiveCfg = Debug|x86
		{5B06E3A9-24C8-4324-B1E8-5D27277D16C1}.Debug|x86.Build.0 = Debug|x86
		{5B06E3A9-24C8-4324-B1E8-5D27277D16C1}.Release|Any CPU.ActiveCfg = Release|x86
		{5B06E3A9-24C8-4324-B1E8-5D27277D16C1}.Release|Mixed Platforms.ActiveCfg = Release|x86
		{5B06E3A9-24C8-4324-B1E8-5D27277D16C1}.Release|Mixed Platforms.Build.0 = Release|x86
		{5B06E3A9-24C8-4324-B1E8-5D27277D16C1}.Release|x86.ActiveCfg = Release|x86
		{5B06E3A9-24C8-4324-B1E8-5D27277D16C1}.Release|x86.Build.0 = Release|x86
		{D13FFCF4-0689-4F84-99FF-559529E8DFD2}.Debug|Any CPU.ActiveCfg = Debug|x86
		{D13FFCF4-0689-4F84-99FF-559529E8DFD2}.Debug|Mixed Platforms.ActiveCfg = Debug|x86
		{D13FFCF4-0689-4F84-99FF-559529E8DFD2}.Debug|Mixed Platforms.Build.0 = Debug|x86
		{D13FFCF4-0689-4F84-99FF-559529E8DFD2}.Debug|x86.ActiveCfg = Debug|x86
		{D13FFCF4-0689-4F84-99FF-559529E8DFD2}.Debug|x86.Build.0 = Debug|x86
		{D13FFCF4-0689-4F84-99FF-559529E8DFD2}.Release|Any CPU.ActiveCfg = Release|x86
		{D13FFCF4-0689-4F84-99FF-559529E8DFD2}.Release|Mixed Platforms.ActiveCfg = Release|x86
		{D13FFCF4-0689-4F84-99FF-559529E8DFD2}.Release|Mixed Platforms.Build.0 = Release|x86
		{D13FFCF4-0689-4F84-99FF-559529E8DFD2}.Release|x86.ActiveCfg = Release|x86
		{D13FFCF4-0689-4F84-99FF-559529E8DFD2}.Release|x86.Build.0 = Release|x86
		{774BAE73-F884-4297-8635-4B5A16F472DC}.Debug|Any CPU.ActiveCfg = Debug|x86
		{774BAE73-F884-4297-8635-4B5A16F472DC}.Debug|Mixed Platforms.ActiveCfg = Debug|x86
		{774BAE73-F884-4297-8635-4B5A16F472DC}.Debug|Mixed Platforms.Build.0 = Debug|x86
		{774BAE73-F884-4297-8635-4B5A16F472DC}.Debug|x86.ActiveCfg = Debug|x86
		{774BAE73-F884-4297-8635-4B5A16F472DC}.Debug|x86.Build.0 = Debug|x86
		{774BAE73-F884-4297-8635-4B5A16F472DC}.Release|Any CPU.ActiveCfg = Release|x86
		{774BAE73-F884-4297-8635-4B5A16F472DC}.Release|Mixed Platforms.ActiveCfg = Release|x86
		{774BAE73-F884-4297-8635-4B5A16F472DC}.Release|Mixed Platforms.Build.0 = Release|x86
		{774BAE73-F884-4297-8635-4B5A16F472DC}.Release|x86.ActiveCfg = Release|x86
		{774BAE73-F884-4297-8635-4B5A16F472DC}.Release|x86.Build.0 = Release|x86
		{6E22BC05-64B5-48DC-A19A-04C3D14717FC}.Debug|Any CPU.ActiveCfg = Debug|x86
		{6E22BC05-64B5-48DC-A19A-04C3D14717FC}.Debug|Mixed Platforms.ActiveCfg = Debug|x86
		{6E22BC05-64B5-48DC-A19A-04C3D14717FC}.Debug|Mixed Platforms.Build.0 = Debug|x86
		{6E22BC05-64B5-48DC-A19A-04C3D14717FC}.Debug|x86.ActiveCfg = Debug|x86
		{6E22BC05-64B5-48DC-A19A-04C3D14717FC}.Debug|x86.Build.0 = Debug|x86
		{6E22BC05-64B5-48DC-A19A-04C3D14717FC}.Release|Any CPU.ActiveCfg = Release|x86
		{6E22BC05-64B5-48DC-A19A-04C3D14717FC}.Release|Mixed Platforms.ActiveCfg = Release|x86
		{6E22BC05-64B5-48DC-A19A-04C3D14717FC}.Release|Mixed Platforms.Build.0 = Release|x86
		{6E22BC05-64B5-48DC-A19A-04C3D14717FC}.Release|x86.ActiveCfg = Release|x86
		{6E22BC05-64B5-48DC-A19A-04C3D14717FC}.Release|x86.Build.0 = Release|x86
		{914746AF-459F-48C8-883B-E698F88B6D48}.Debug|Any CPU.ActiveCfg = Debug|x86
		{914746AF-459F-48C8-883B-E698F88B6D48}.Debug|Mixed Platforms.ActiveCfg = Debug|x86
		{914746AF-459F-48C8-883B-E698F88B6D48}.Debug|Mixed Platforms.Build.0 = Debug|x86
		{914746AF-459F-48C8-883B-E698F88B6D48}.Debug|x86.ActiveCfg = Debug|x86
		{914746AF-459F-48C8-883B-E698F88B6D48}.Debug|x86.Build.0 = Debug|x86
		{914746AF-459F-48C8-883B-E698F88B6D48}.Release|Any CPU.ActiveCfg = Release|x86
		{914746AF-459F-48C8-883B-E698F88B6D48}.Release|Mixed Platforms.ActiveCfg = Release|x86
		{914746AF-459F-48C8-883B-E698F88B6D48}.Release|Mixed Platforms.Build.0 = Release|x86
		{914746AF-459F-48C8-883B-E698F88B6D48}.Release|x86.ActiveCfg = Release|x86
		{914746AF-459F-48C8-883B-E698F88B6D48}.Release|x86.Build.0 = Release|x86
		{FB778BA3-A094-4194-B60A-5D4AD1102916}.Debug|Any CPU.ActiveCfg = Debug|Any CPU
		{FB778BA3-A094-4194-B60A-5D4AD1102916}.Debug|Any CPU.Build.0 = Debug|Any CPU
		{FB778BA3-A094-4194-B60A-5D4AD1102916}.Debug|Mixed Platforms.ActiveCfg = Debug|Any CPU
		{FB778BA3-A094-4194-B60A-5D4AD1102916}.Debug|Mixed Platforms.Build.0 = Debug|Any CPU
		{FB778BA3-A094-4194-B60A-5D4AD1102916}.Debug|x86.ActiveCfg = Debug|Any CPU
		{FB778BA3-A094-4194-B60A-5D4AD1102916}.Debug|x86.Build.0 = Debug|Any CPU
		{FB778BA3-A094-4194-B60A-5D4AD1102916}.Release|Any CPU.ActiveCfg = Release|Any CPU
		{FB778BA3-A094-4194-B60A-5D4AD1102916}.Release|Any CPU.Build.0 = Release|Any CPU
		{FB778BA3-A094-4194-B60A-5D4AD1102916}.Release|Mixed Platforms.ActiveCfg = Release|Any CPU
		{FB778BA3-A094-4194-B60A-5D4AD1102916}.Release|Mixed Platforms.Build.0 = Release|Any CPU
		{FB778BA3-A094-4194-B60A-5D4AD1102916}.Release|x86.ActiveCfg = Release|Any CPU
		{FB778BA3-A094-4194-B60A-5D4AD1102916}.Release|x86.Build.0 = Release|Any CPU
		{5DAC458B-DD0C-4509-B741-73A797F7EB9E}.Debug|Any CPU.ActiveCfg = Debug|Any CPU
		{5DAC458B-DD0C-4509-B741-73A797F7EB9E}.Debug|Any CPU.Build.0 = Debug|Any CPU
		{5DAC458B-DD0C-4509-B741-73A797F7EB9E}.Debug|Mixed Platforms.ActiveCfg = Debug|Any CPU
		{5DAC458B-DD0C-4509-B741-73A797F7EB9E}.Debug|Mixed Platforms.Build.0 = Debug|Any CPU
		{5DAC458B-DD0C-4509-B741-73A797F7EB9E}.Debug|x86.ActiveCfg = Debug|Any CPU
		{5DAC458B-DD0C-4509-B741-73A797F7EB9E}.Debug|x86.Build.0 = Debug|Any CPU
		{5DAC458B-DD0C-4509-B741-73A797F7EB9E}.Release|Any CPU.ActiveCfg = Release|Any CPU
		{5DAC458B-DD0C-4509-B741-73A797F7EB9E}.Release|Any CPU.Build.0 = Release|Any CPU
		{5DAC458B-DD0C-4509-B741-73A797F7EB9E}.Release|Mixed Platforms.ActiveCfg = Release|Any CPU
		{5DAC458B-DD0C-4509-B741-73A797F7EB9E}.Release|Mixed Platforms.Build.0 = Release|Any CPU
		{5DAC458B-DD0C-4509-B741-73A797F7EB9E}.Release|x86.ActiveCfg = Release|Any CPU
		{5DAC458B-DD0C-4509-B741-73A797F7EB9E}.Release|x86.Build.0 = Release|Any CPU
	EndGlobalSection
	GlobalSection(SolutionProperties) = preSolution
		HideSolutionNode = FALSE
	EndGlobalSection
	GlobalSection(ExtensibilityGlobals) = postSolution
		SolutionGuid = {D9ABF396-5A84-41CE-A777-0C1E6474EC4E}
	EndGlobalSection
EndGlobal
